
Microsoft Visual Studio Solution File, Format Version 12.00
# Visual Studio Version 16
VisualStudioVersion = 16.0.29102.190
MinimumVisualStudioVersion = 10.0.40219.1
Project("{FAE04EC0-301F-11D3-BF4B-00C04F79EFBC}") = "ParseSard", "ParseSard\ParseSard.csproj", "{A96049C6-9AA4-464A-B17C-6FC27FB8AD78}"
EndProject
Global
	GlobalSection(SolutionConfigurationPlatforms) = preSolution
		Debug|Any CPU = Debug|Any CPU
		Release|Any CPU = Release|Any CPU
	EndGlobalSection
	GlobalSection(ProjectConfigurationPlatforms) = postSolution
		{A96049C6-9AA4-464A-B17C-6FC27FB8AD78}.Debug|Any CPU.ActiveCfg = Debug|Any CPU
		{A96049C6-9AA4-464A-B17C-6FC27FB8AD78}.Debug|Any CPU.Build.0 = Debug|Any CPU
		{A96049C6-9AA4-464A-B17C-6FC27FB8AD78}.Release|Any CPU.ActiveCfg = Release|Any CPU
		{A96049C6-9AA4-464A-B17C-6FC27FB8AD78}.Release|Any CPU.Build.0 = Release|Any CPU
	EndGlobalSection
	GlobalSection(SolutionProperties) = preSolution
		HideSolutionNode = FALSE
	EndGlobalSection
	GlobalSection(ExtensibilityGlobals) = postSolution
		SolutionGuid = {469F07ED-5418-4D1B-A1D4-4D426CAAABD4}
	EndGlobalSection
EndGlobal
